
Microsoft Visual Studio Solution File, Format Version 12.00
# Visual Studio 14
VisualStudioVersion = 14.0.23107.0
MinimumVisualStudioVersion = 10.0.40219.1
Project("{2150E333-8FDC-42A3-9474-1A3956D46DE8}") = "Akka.Chat", "Akka.Chat", "{0A8F461E-63FC-4730-9429-F40E27576A62}"
EndProject
Project("{FAE04EC0-301F-11D3-BF4B-00C04F79EFBC}") = "Messages", "Akka.Chat\Messages\Messages.csproj", "{35777069-FFCA-44FC-A65C-C2F7559FCF39}"
EndProject
Project("{FAE04EC0-301F-11D3-BF4B-00C04F79EFBC}") = "Server", "Akka.Chat\Server\Server.csproj", "{F656ABEB-3913-4A40-BA43-3F4F80E871EE}"
EndProject
Project("{FAE04EC0-301F-11D3-BF4B-00C04F79EFBC}") = "Client", "Akka.Chat\Client\Client.csproj", "{3140A52D-DB79-4039-B678-E509117CCE25}"
EndProject
Project("{2150E333-8FDC-42A3-9474-1A3956D46DE8}") = "Orleans.IoT", "Orleans.IoT", "{1A0D7C6A-6B24-488A-9681-EAEFC26F5FBD}"
EndProject
Project("{FAE04EC0-301F-11D3-BF4B-00C04F79EFBC}") = "ServerHost", "Orleans.IoT\ServerHost\ServerHost.csproj", "{3BA31E90-9149-4AAE-AF06-B00E728ECF44}"
EndProject
Project("{FAE04EC0-301F-11D3-BF4B-00C04F79EFBC}") = "Client1", "Orleans.IoT\Client1\Client1.csproj", "{AC7C981D-60AF-4AFA-8C7C-3402AAF1A567}"
EndProject
Project("{FAE04EC0-301F-11D3-BF4B-00C04F79EFBC}") = "IoT.Grains", "Orleans.IoT\IoT.Grains\IoT.Grains.csproj", "{36A98CC0-3CC1-4A2B-8E5B-30CE52B1B5EE}"
EndProject
Project("{FAE04EC0-301F-11D3-BF4B-00C04F79EFBC}") = "IoT.Interfaces", "Orleans.IoT\IoT.Interfaces\IoT.Interfaces.csproj", "{F057439D-3E62-4E33-920E-426237C240C2}"
EndProject
Global
	GlobalSection(SolutionConfigurationPlatforms) = preSolution
		Debug|Any CPU = Debug|Any CPU
		Release|Any CPU = Release|Any CPU
	EndGlobalSection
	GlobalSection(ProjectConfigurationPlatforms) = postSolution
		{35777069-FFCA-44FC-A65C-C2F7559FCF39}.Debug|Any CPU.ActiveCfg = Debug|Any CPU
		{35777069-FFCA-44FC-A65C-C2F7559FCF39}.Debug|Any CPU.Build.0 = Debug|Any CPU
		{35777069-FFCA-44FC-A65C-C2F7559FCF39}.Release|Any CPU.ActiveCfg = Release|Any CPU
		{35777069-FFCA-44FC-A65C-C2F7559FCF39}.Release|Any CPU.Build.0 = Release|Any CPU
		{F656ABEB-3913-4A40-BA43-3F4F80E871EE}.Debug|Any CPU.ActiveCfg = Debug|Any CPU
		{F656ABEB-3913-4A40-BA43-3F4F80E871EE}.Debug|Any CPU.Build.0 = Debug|Any CPU
		{F656ABEB-3913-4A40-BA43-3F4F80E871EE}.Release|Any CPU.ActiveCfg = Release|Any CPU
		{F656ABEB-3913-4A40-BA43-3F4F80E871EE}.Release|Any CPU.Build.0 = Release|Any CPU
		{3140A52D-DB79-4039-B678-E509117CCE25}.Debug|Any CPU.ActiveCfg = Debug|Any CPU
		{3140A52D-DB79-4039-B678-E509117CCE25}.Debug|Any CPU.Build.0 = Debug|Any CPU
		{3140A52D-DB79-4039-B678-E509117CCE25}.Release|Any CPU.ActiveCfg = Release|Any CPU
		{3140A52D-DB79-4039-B678-E509117CCE25}.Release|Any CPU.Build.0 = Release|Any CPU
		{3BA31E90-9149-4AAE-AF06-B00E728ECF44}.Debug|Any CPU.ActiveCfg = Debug|Any CPU
		{3BA31E90-9149-4AAE-AF06-B00E728ECF44}.Debug|Any CPU.Build.0 = Debug|Any CPU
		{3BA31E90-9149-4AAE-AF06-B00E728ECF44}.Release|Any CPU.ActiveCfg = Release|Any CPU
		{3BA31E90-9149-4AAE-AF06-B00E728ECF44}.Release|Any CPU.Build.0 = Release|Any CPU
		{AC7C981D-60AF-4AFA-8C7C-3402AAF1A567}.Debug|Any CPU.ActiveCfg = Debug|Any CPU
		{AC7C981D-60AF-4AFA-8C7C-3402AAF1A567}.Debug|Any CPU.Build.0 = Debug|Any CPU
		{AC7C981D-60AF-4AFA-8C7C-3402AAF1A567}.Release|Any CPU.ActiveCfg = Release|Any CPU
		{AC7C981D-60AF-4AFA-8C7C-3402AAF1A567}.Release|Any CPU.Build.0 = Release|Any CPU
		{36A98CC0-3CC1-4A2B-8E5B-30CE52B1B5EE}.Debug|Any CPU.ActiveCfg = Debug|Any CPU
		{36A98CC0-3CC1-4A2B-8E5B-30CE52B1B5EE}.Debug|Any CPU.Build.0 = Debug|Any CPU
		{36A98CC0-3CC1-4A2B-8E5B-30CE52B1B5EE}.Release|Any CPU.ActiveCfg = Release|Any CPU
		{36A98CC0-3CC1-4A2B-8E5B-30CE52B1B5EE}.Release|Any CPU.Build.0 = Release|Any CPU
		{F057439D-3E62-4E33-920E-426237C240C2}.Debug|Any CPU.ActiveCfg = Debug|Any CPU
		{F057439D-3E62-4E33-920E-426237C240C2}.Debug|Any CPU.Build.0 = Debug|Any CPU
		{F057439D-3E62-4E33-920E-426237C240C2}.Release|Any CPU.ActiveCfg = Release|Any CPU
		{F057439D-3E62-4E33-920E-426237C240C2}.Release|Any CPU.Build.0 = Release|Any CPU
	EndGlobalSection
	GlobalSection(SolutionProperties) = preSolution
		HideSolutionNode = FALSE
	EndGlobalSection
	GlobalSection(NestedProjects) = preSolution
		{35777069-FFCA-44FC-A65C-C2F7559FCF39} = {0A8F461E-63FC-4730-9429-F40E27576A62}
		{F656ABEB-3913-4A40-BA43-3F4F80E871EE} = {0A8F461E-63FC-4730-9429-F40E27576A62}
		{3140A52D-DB79-4039-B678-E509117CCE25} = {0A8F461E-63FC-4730-9429-F40E27576A62}
		{3BA31E90-9149-4AAE-AF06-B00E728ECF44} = {1A0D7C6A-6B24-488A-9681-EAEFC26F5FBD}
		{AC7C981D-60AF-4AFA-8C7C-3402AAF1A567} = {1A0D7C6A-6B24-488A-9681-EAEFC26F5FBD}
		{36A98CC0-3CC1-4A2B-8E5B-30CE52B1B5EE} = {1A0D7C6A-6B24-488A-9681-EAEFC26F5FBD}
		{F057439D-3E62-4E33-920E-426237C240C2} = {1A0D7C6A-6B24-488A-9681-EAEFC26F5FBD}
	EndGlobalSection
EndGlobal
