
Microsoft Visual Studio Solution File, Format Version 12.00
# Visual Studio 14
VisualStudioVersion = 14.0.25420.1
MinimumVisualStudioVersion = 10.0.40219.1
Project("{F2A71F9B-5D33-465A-A702-920D77279786}") = "Basket.Domain", "src\Basket.Domain\Basket.Domain.fsproj", "{550B6CB1-38BA-493E-ABF3-920F52B8F5BF}"
EndProject
Project("{F2A71F9B-5D33-465A-A702-920D77279786}") = "Basket.Api", "src\Basket.Api\Basket.Api.fsproj", "{4A7D2543-A8AE-4003-B7B2-3976FE82F660}"
EndProject
Project("{F2A71F9B-5D33-465A-A702-920D77279786}") = "TypeProviders", "src\TypeProviders\TypeProviders.fsproj", "{16280E2A-D210-4154-ACAD-AE23647099FE}"
EndProject
Project("{F2A71F9B-5D33-465A-A702-920D77279786}") = "Correctness", "src\Correctness\Correctness.fsproj", "{58697EB8-6846-4D45-AD03-860AC1D4AFD1}"
EndProject
Project("{F2A71F9B-5D33-465A-A702-920D77279786}") = "Basket.Tests", "src\Basket.Tests\Basket.Tests.fsproj", "{9408B601-F426-4931-87F0-BEF6C5477FB5}"
EndProject
Global
	GlobalSection(SolutionConfigurationPlatforms) = preSolution
		Debug|Any CPU = Debug|Any CPU
		Release|Any CPU = Release|Any CPU
	EndGlobalSection
	GlobalSection(ProjectConfigurationPlatforms) = postSolution
		{550B6CB1-38BA-493E-ABF3-920F52B8F5BF}.Debug|Any CPU.ActiveCfg = Debug|Any CPU
		{550B6CB1-38BA-493E-ABF3-920F52B8F5BF}.Debug|Any CPU.Build.0 = Debug|Any CPU
		{550B6CB1-38BA-493E-ABF3-920F52B8F5BF}.Release|Any CPU.ActiveCfg = Release|Any CPU
		{550B6CB1-38BA-493E-ABF3-920F52B8F5BF}.Release|Any CPU.Build.0 = Release|Any CPU
		{4A7D2543-A8AE-4003-B7B2-3976FE82F660}.Debug|Any CPU.ActiveCfg = Debug|Any CPU
		{4A7D2543-A8AE-4003-B7B2-3976FE82F660}.Debug|Any CPU.Build.0 = Debug|Any CPU
		{4A7D2543-A8AE-4003-B7B2-3976FE82F660}.Release|Any CPU.ActiveCfg = Release|Any CPU
		{4A7D2543-A8AE-4003-B7B2-3976FE82F660}.Release|Any CPU.Build.0 = Release|Any CPU
		{16280E2A-D210-4154-ACAD-AE23647099FE}.Debug|Any CPU.ActiveCfg = Debug|Any CPU
		{16280E2A-D210-4154-ACAD-AE23647099FE}.Debug|Any CPU.Build.0 = Debug|Any CPU
		{16280E2A-D210-4154-ACAD-AE23647099FE}.Release|Any CPU.ActiveCfg = Release|Any CPU
		{16280E2A-D210-4154-ACAD-AE23647099FE}.Release|Any CPU.Build.0 = Release|Any CPU
		{58697EB8-6846-4D45-AD03-860AC1D4AFD1}.Debug|Any CPU.ActiveCfg = Debug|Any CPU
		{58697EB8-6846-4D45-AD03-860AC1D4AFD1}.Debug|Any CPU.Build.0 = Debug|Any CPU
		{58697EB8-6846-4D45-AD03-860AC1D4AFD1}.Release|Any CPU.ActiveCfg = Release|Any CPU
		{58697EB8-6846-4D45-AD03-860AC1D4AFD1}.Release|Any CPU.Build.0 = Release|Any CPU
		{9408B601-F426-4931-87F0-BEF6C5477FB5}.Debug|Any CPU.ActiveCfg = Debug|Any CPU
		{9408B601-F426-4931-87F0-BEF6C5477FB5}.Debug|Any CPU.Build.0 = Debug|Any CPU
		{9408B601-F426-4931-87F0-BEF6C5477FB5}.Release|Any CPU.ActiveCfg = Release|Any CPU
		{9408B601-F426-4931-87F0-BEF6C5477FB5}.Release|Any CPU.Build.0 = Release|Any CPU
	EndGlobalSection
	GlobalSection(SolutionProperties) = preSolution
		HideSolutionNode = FALSE
	EndGlobalSection
EndGlobal
